// !$*UTF8*$!
{
	archiveVersion = 1;
	classes = {
	};
	objectVersion = 46;
	objects = {

/* Begin PBXBuildFile section */
		23C858ED1E71055400ADCF1D /* RNAlipush.m in Sources */ = {isa = PBXBuildFile; fileRef = 23C858EC1E71055400ADCF1D /* RNAlipush.m */; };
		23C858EE1E71055400ADCF1D /* RNAlipush.h in CopyFiles */ = {isa = PBXBuildFile; fileRef = 23C858EB1E71055400ADCF1D /* RNAlipush.h */; };
/* End PBXBuildFile section */

/* Begin PBXCopyFilesBuildPhase section */
		23C858E61E71055400ADCF1D /* CopyFiles */ = {
			isa = PBXCopyFilesBuildPhase;
			buildActionMask = 2147483647;
			dstPath = "include/$(PRODUCT_NAME)";
			dstSubfolderSpec = 16;
			files = (
				23C858EE1E71055400ADCF1D /* RNAlipush.h in CopyFiles */,
			);
			runOnlyForDeploymentPostprocessing = 0;
		};
/* End PBXCopyFilesBuildPhase section */

/* Begin PBXFileReference section */
		23C858E81E71055400ADCF1D /* libRNAlipush.a */ = {isa = PBXFileReference; explicitFileType = archive.ar; includeInIndex = 0; path = libRNAlipush.a; sourceTree = BUILT_PRODUCTS_DIR; };
		23C858EB1E71055400ADCF1D /* RNAlipush.h */ = {isa = PBXFileReference; lastKnownFileType = sourcecode.c.h; path = RNAlipush.h; sourceTree = "<group>"; };
		23C858EC1E71055400ADCF1D /* RNAlipush.m */ = {isa = PBXFileReference; lastKnownFileType = sourcecode.c.objc; path = RNAlipush.m; sourceTree = "<group>"; };
/* End PBXFileReference section */

/* Begin PBXFrameworksBuildPhase section */
		23C858E51E71055400ADCF1D /* Frameworks */ = {
			isa = PBXFrameworksBuildPhase;
			buildActionMask = 2147483647;
			files = (
			);
			runOnlyForDeploymentPostprocessing = 0;
		};
/* End PBXFrameworksBuildPhase section */

/* Begin PBXGroup section */
		23C858DF1E71055400ADCF1D = {
			isa = PBXGroup;
			children = (
				23C858EA1E71055400ADCF1D /* RNAlipush */,
				23C858E91E71055400ADCF1D /* Products */,
			);
			sourceTree = "<group>";
		};
		23C858E91E71055400ADCF1D /* Products */ = {
			isa = PBXGroup;
			children = (
				23C858E81E71055400ADCF1D /* libRNAlipush.a */,
			);
			name = Products;
			sourceTree = "<group>";
		};
		23C858EA1E71055400ADCF1D /* RNAlipush */ = {
			isa = PBXGroup;
			children = (
				23C858EB1E71055400ADCF1D /* RNAlipush.h */,
				23C858EC1E71055400ADCF1D /* RNAlipush.m */,
			);
			path = RNAlipush;
			sourceTree = "<group>";
		};
/* End PBXGroup section */

/* Begin PBXNativeTarget section */
		23C858E71E71055400ADCF1D /* RNAlipush */ = {
			isa = PBXNativeTarget;
			buildConfigurationList = 23C858F11E71055400ADCF1D /* Build configuration list for PBXNativeTarget "RNAlipush" */;
			buildPhases = (
				23C858E41E71055400ADCF1D /* Sources */,
				23C858E51E71055400ADCF1D /* Frameworks */,
				23C858E61E71055400ADCF1D /* CopyFiles */,
			);
			buildRules = (
			);
			dependencies = (
			);
			name = RNAlipush;
			productName = RNAlipush;
			productReference = 23C858E81E71055400ADCF1D /* libRNAlipush.a */;
			productType = "com.apple.product-type.library.static";
		};
/* End PBXNativeTarget section */

/* Begin PBXProject section */
		23C858E01E71055400ADCF1D /* Project object */ = {
			isa = PBXProject;
			attributes = {
				LastUpgradeCheck = 0820;
				ORGANIZATIONNAME = PAMPANG;
				TargetAttributes = {
					23C858E71E71055400ADCF1D = {
						CreatedOnToolsVersion = 8.2.1;
						DevelopmentTeam = W4A7GU36ZV;
						ProvisioningStyle = Automatic;
					};
				};
			};
			buildConfigurationList = 23C858E31E71055400ADCF1D /* Build configuration list for PBXProject "RNAlipush" */;
			compatibilityVersion = "Xcode 3.2";
			developmentRegion = English;
			hasScannedForEncodings = 0;
			knownRegions = (
				en,
			);
			mainGroup = 23C858DF1E71055400ADCF1D;
			productRefGroup = 23C858E91E71055400ADCF1D /* Products */;
			projectDirPath = "";
			projectRoot = "";
			targets = (
				23C858E71E71055400ADCF1D /* RNAlipush */,
			);
		};
/* End PBXProject section */

/* Begin PBXSourcesBuildPhase section */
		23C858E41E71055400ADCF1D /* Sources */ = {
			isa = PBXSourcesBuildPhase;
			buildActionMask = 2147483647;
			files = (
				23C858ED1E71055400ADCF1D /* RNAlipush.m in Sources */,
			);
			runOnlyForDeploymentPostprocessing = 0;
		};
/* End PBXSourcesBuildPhase section */

/* Begin XCBuildConfiguration section */
		23C858EF1E71055400ADCF1D /* Debug */ = {
			isa = XCBuildConfiguration;
			buildSettings = {
				ALWAYS_SEARCH_USER_PATHS = NO;
				CLANG_ANALYZER_NONNULL = YES;
				CLANG_CXX_LANGUAGE_STANDARD = "gnu++0x";
				CLANG_CXX_LIBRARY = "libc++";
				CLANG_ENABLE_MODULES = YES;
				CLANG_ENABLE_OBJC_ARC = YES;
				CLANG_WARN_BOOL_CONVERSION = YES;
				CLANG_WARN_CONSTANT_CONVERSION = YES;
				CLANG_WARN_DIRECT_OBJC_ISA_USAGE = YES_ERROR;
				CLANG_WARN_DOCUMENTATION_COMMENTS = YES;
				CLANG_WARN_EMPTY_BODY = YES;
				CLANG_WARN_ENUM_CONVERSION = YES;
				CLANG_WARN_INFINITE_RECURSION = YES;
				CLANG_WARN_INT_CONVERSION = YES;
				CLANG_WARN_OBJC_ROOT_CLASS = YES_ERROR;
				CLANG_WARN_SUSPICIOUS_MOVE = YES;
				CLANG_WARN_UNREACHABLE_CODE = YES;
				CLANG_WARN__DUPLICATE_METHOD_MATCH = YES;
				"CODE_SIGN_IDENTITY[sdk=iphoneos*]" = "iPhone Developer";
				COPY_PHASE_STRIP = NO;
				DEBUG_INFORMATION_FORMAT = dwarf;
				ENABLE_STRICT_OBJC_MSGSEND = YES;
				ENABLE_TESTABILITY = YES;
				GCC_C_LANGUAGE_STANDARD = gnu99;
				GCC_DYNAMIC_NO_PIC = NO;
				GCC_NO_COMMON_BLOCKS = YES;
				GCC_OPTIMIZATION_LEVEL = 0;
				GCC_PREPROCESSOR_DEFINITIONS = (
					"DEBUG=1",
					"$(inherited)",
				);
				GCC_WARN_64_TO_32_BIT_CONVERSION = YES;
				GCC_WARN_ABOUT_RETURN_TYPE = YES_ERROR;
				GCC_WARN_UNDECLARED_SELECTOR = YES;
				GCC_WARN_UNINITIALIZED_AUTOS = YES_AGGRESSIVE;
				GCC_WARN_UNUSED_FUNCTION = YES;
				GCC_WARN_UNUSED_VARIABLE = YES;
				IPHONEOS_DEPLOYMENT_TARGET = 10.2;
				MTL_ENABLE_DEBUG_INFO = YES;
				ONLY_ACTIVE_ARCH = YES;
				SDKROOT = iphoneos;
			};
			name = Debug;
		};
		23C858F01E71055400ADCF1D /* Release */ = {
			isa = XCBuildConfiguration;
			buildSettings = {
				ALWAYS_SEARCH_USER_PATHS = NO;
				CLANG_ANALYZER_NONNULL = YES;
				CLANG_CXX_LANGUAGE_STANDARD = "gnu++0x";
				CLANG_CXX_LIBRARY = "libc++";
				CLANG_ENABLE_MODULES = YES;
				CLANG_ENABLE_OBJC_ARC = YES;
				CLANG_WARN_BOOL_CONVERSION = YES;
				CLANG_WARN_CONSTANT_CONVERSION = YES;
				CLANG_WARN_DIRECT_OBJC_ISA_USAGE = YES_ERROR;
				CLANG_WARN_DOCUMENTATION_COMMENTS = YES;
				CLANG_WARN_EMPTY_BODY = YES;
				CLANG_WARN_ENUM_CONVERSION = YES;
				CLANG_WARN_INFINITE_RECURSION = YES;
				CLANG_WARN_INT_CONVERSION = YES;
				CLANG_WARN_OBJC_ROOT_CLASS = YES_ERROR;
				CLANG_WARN_SUSPICIOUS_MOVE = YES;
				CLANG_WARN_UNREACHABLE_CODE = YES;
				CLANG_WARN__DUPLICATE_METHOD_MATCH = YES;
				"CODE_SIGN_IDENTITY[sdk=iphoneos*]" = "iPhone Developer";
				COPY_PHASE_STRIP = NO;
				DEBUG_INFORMATION_FORMAT = "dwarf-with-dsym";
				ENABLE_NS_ASSERTIONS = NO;
				ENABLE_STRICT_OBJC_MSGSEND = YES;
				GCC_C_LANGUAGE_STANDARD = gnu99;
				GCC_NO_COMMON_BLOCKS = YES;
				GCC_WARN_64_TO_32_BIT_CONVERSION = YES;
				GCC_WARN_ABOUT_RETURN_TYPE = YES_ERROR;
				GCC_WARN_UNDECLARED_SELECTOR = YES;
				GCC_WARN_UNINITIALIZED_AUTOS = YES_AGGRESSIVE;
				GCC_WARN_UNUSED_FUNCTION = YES;
				GCC_WARN_UNUSED_VARIABLE = YES;
				IPHONEOS_DEPLOYMENT_TARGET = 10.2;
				MTL_ENABLE_DEBUG_INFO = NO;
				SDKROOT = iphoneos;
				VALIDATE_PRODUCT = YES;
			};
			name = Release;
		};
		23C858F21E71055400ADCF1D /* Debug */ = {
			isa = XCBuildConfiguration;
			buildSettings = {
				DEVELOPMENT_TEAM = W4A7GU36ZV;
				FRAMEWORK_SEARCH_PATHS = "$(SRCROOT)/../../../ios/Pods/**";
				GCC_NO_COMMON_BLOCKS = YES;
				HEADER_SEARCH_PATHS = (
					"$(SRCROOT)/../../react-native/React/**",
					"$(SRCROOT)/../../../ios/Pods/**",
				);
				OTHER_LDFLAGS = "-ObjC";
				PRODUCT_NAME = "$(TARGET_NAME)";
				SKIP_INSTALL = YES;
			};
			name = Debug;
		};
		23C858F31E71055400ADCF1D /* Release */ = {
			isa = XCBuildConfiguration;
			buildSettings = {
				DEVELOPMENT_TEAM = W4A7GU36ZV;
				FRAMEWORK_SEARCH_PATHS = "$(SRCROOT)/../../../ios/Pods/**";
				GCC_NO_COMMON_BLOCKS = YES;
				HEADER_SEARCH_PATHS = (
					"$(SRCROOT)/../../react-native/React/**",
					"$(SRCROOT)/../../../ios/Pods/**",
				);
				OTHER_LDFLAGS = "-ObjC";
				PRODUCT_NAME = "$(TARGET_NAME)";
				SKIP_INSTALL = YES;
			};
			name = Release;
		};
/* End XCBuildConfiguration section */

/* Begin XCConfigurationList section */
		23C858E31E71055400ADCF1D /* Build configuration list for PBXProject "RNAlipush" */ = {
			isa = XCConfigurationList;
			buildConfigurations = (
				23C858EF1E71055400ADCF1D /* Debug */,
				23C858F01E71055400ADCF1D /* Release */,
			);
			defaultConfigurationIsVisible = 0;
			defaultConfigurationName = Release;
		};
		23C858F11E71055400ADCF1D /* Build configuration list for PBXNativeTarget "RNAlipush" */ = {
			isa = XCConfigurationList;
			buildConfigurations = (
				23C858F21E71055400ADCF1D /* Debug */,
				23C858F31E71055400ADCF1D /* Release */,
			);
			defaultConfigurationIsVisible = 0;
			defaultConfigurationName = Release;
		};
/* End XCConfigurationList section */
	};
	rootObject = 23C858E01E71055400ADCF1D /* Project object */;
}
